{
    "_meta": {
        "hash": {
            "sha256": "6de1919222a6d73dd37fc265f89eca434a60550ebf1dd7ab616f3f4a57046b6e"
        },
        "pipfile-spec": 6,
        "requires": {
            "python_version": "3.11"
        },
        "sources": [
            {
                "name": "pypi",
                "url": "https://pypi.org/simple",
                "verify_ssl": true
            }
        ]
    },
    "default": {
        "greenlet": {
            "hashes": [
                "sha256:01bc7ea167cf943b4c802068e178bbf70ae2e8c080467070d01bfa02f337ee67",
                "sha256:0448abc479fab28b00cb472d278828b3ccca164531daab4e970a0458786055d6",
                "sha256:086152f8fbc5955df88382e8a75984e2bb1c892ad2e3c80a2508954e52295257",
                "sha256:098d86f528c855ead3479afe84b49242e174ed262456c342d70fc7f972bc13c4",
                "sha256:149e94a2dd82d19838fe4b2259f1b6b9957d5ba1b25640d2380bea9c5df37676",
                "sha256:1551a8195c0d4a68fac7a4325efac0d541b48def35feb49d803674ac32582f61",
                "sha256:15d79dd26056573940fcb8c7413d84118086f2ec1a8acdfa854631084393efcc",
                "sha256:1996cb9306c8595335bb157d133daf5cf9f693ef413e7673cb07e3e5871379ca",
                "sha256:1a7191e42732df52cb5f39d3527217e7ab73cae2cb3694d241e18f53d84ea9a7",
                "sha256:1ea188d4f49089fc6fb283845ab18a2518d279c7cd9da1065d7a84e991748728",
                "sha256:1f672519db1796ca0d8753f9e78ec02355e862d0998193038c7073045899f305",
                "sha256:2516a9957eed41dd8f1ec0c604f1cdc86758b587d964668b5b196a9db5bfcde6",
                "sha256:2797aa5aedac23af156bbb5a6aa2cd3427ada2972c828244eb7d1b9255846379",
                "sha256:2dd6e660effd852586b6a8478a1d244b8dc90ab5b1321751d2ea15deb49ed414",
                "sha256:3ddc0f794e6ad661e321caa8d2f0a55ce01213c74722587256fb6566049a8b04",
                "sha256:3ed7fb269f15dc662787f4119ec300ad0702fa1b19d2135a37c2c4de6fadfd4a",
                "sha256:419b386f84949bf0e7c73e6032e3457b82a787c1ab4a0e43732898a761cc9dbf",
                "sha256:43374442353259554ce33599da8b692d5aa96f8976d567d4badf263371fbe491",
                "sha256:52f59dd9c96ad2fc0d5724107444f76eb20aaccb675bf825df6435acb7703559",
                "sha256:57e8974f23e47dac22b83436bdcf23080ade568ce77df33159e019d161ce1d1e",
                "sha256:5b51e85cb5ceda94e79d019ed36b35386e8c37d22f07d6a751cb659b180d5274",
                "sha256:649dde7de1a5eceb258f9cb00bdf50e978c9db1b996964cd80703614c86495eb",
                "sha256:64d7675ad83578e3fc149b617a444fab8efdafc9385471f868eb5ff83e446b8b",
                "sha256:68834da854554926fbedd38c76e60c4a2e3198c6fbed520b106a8986445caaf9",
                "sha256:6b66c9c1e7ccabad3a7d037b2bcb740122a7b17a53734b7d72a344ce39882a1b",
                "sha256:70fb482fdf2c707765ab5f0b6655e9cfcf3780d8d87355a063547b41177599be",
                "sha256:7170375bcc99f1a2fbd9c306f5be8764eaf3ac6b5cb968862cad4c7057756506",
                "sha256:73a411ef564e0e097dbe7e866bb2dda0f027e072b04da387282b02c308807405",
                "sha256:77457465d89b8263bca14759d7c1684df840b6811b2499838cc5b040a8b5b113",
                "sha256:7f362975f2d179f9e26928c5b517524e89dd48530a0202570d55ad6ca5d8a56f",
                "sha256:81bb9c6d52e8321f09c3d165b2a78c680506d9af285bfccbad9fb7ad5a5da3e5",
                "sha256:881b7db1ebff4ba09aaaeae6aa491daeb226c8150fc20e836ad00041bcb11230",
                "sha256:894393ce10ceac937e56ec00bb71c4c2f8209ad516e96033e4b3b1de270e200d",
                "sha256:99bf650dc5d69546e076f413a87481ee1d2d09aaaaaca058c9251b6d8c14783f",
                "sha256:9da2bd29ed9e4f15955dd1595ad7bc9320308a3b766ef7f837e23ad4b4aac31a",
                "sha256:afaff6cf5200befd5cec055b07d1c0a5a06c040fe5ad148abcd11ba6ab9b114e",
                "sha256:b1b5667cced97081bf57b8fa1d6bfca67814b0afd38208d52538316e9422fc61",
                "sha256:b37eef18ea55f2ffd8f00ff8fe7c8d3818abd3e25fb73fae2ca3b672e333a7a6",
                "sha256:b542be2440edc2d48547b5923c408cbe0fc94afb9f18741faa6ae970dbcb9b6d",
                "sha256:b7dcbe92cc99f08c8dd11f930de4d99ef756c3591a5377d1d9cd7dd5e896da71",
                "sha256:b7f009caad047246ed379e1c4dbcb8b020f0a390667ea74d2387be2998f58a22",
                "sha256:bba5387a6975598857d86de9eac14210a49d554a77eb8261cc68b7d082f78ce2",
                "sha256:c5e1536de2aad7bf62e27baf79225d0d64360d4168cf2e6becb91baf1ed074f3",
                "sha256:c5ee858cfe08f34712f548c3c363e807e7186f03ad7a5039ebadb29e8c6be067",
                "sha256:c9db1c18f0eaad2f804728c67d6c610778456e3e1cc4ab4bbd5eeb8e6053c6fc",
                "sha256:d353cadd6083fdb056bb46ed07e4340b0869c305c8ca54ef9da3421acbdf6881",
                "sha256:d46677c85c5ba00a9cb6f7a00b2bfa6f812192d2c9f7d9c4f6a55b60216712f3",
                "sha256:d4d1ac74f5c0c0524e4a24335350edad7e5f03b9532da7ea4d3c54d527784f2e",
                "sha256:d73a9fe764d77f87f8ec26a0c85144d6a951a6c438dfe50487df5595c6373eac",
                "sha256:da70d4d51c8b306bb7a031d5cff6cc25ad253affe89b70352af5f1cb68e74b53",
                "sha256:daf3cb43b7cf2ba96d614252ce1684c1bccee6b2183a01328c98d36fcd7d5cb0",
                "sha256:dca1e2f3ca00b84a396bc1bce13dd21f680f035314d2379c4160c98153b2059b",
                "sha256:dd4f49ae60e10adbc94b45c0b5e6a179acc1736cf7a90160b404076ee283cf83",
                "sha256:e1f145462f1fa6e4a4ae3c0f782e580ce44d57c8f2c7aae1b6fa88c0b2efdb41",
                "sha256:e3391d1e16e2a5a1507d83e4a8b100f4ee626e8eca43cf2cadb543de69827c4c",
                "sha256:fcd2469d6a2cf298f198f0487e0a5b1a47a42ca0fa4dfd1b6862c999f018ebbf",
                "sha256:fd096eb7ffef17c456cfa587523c5f92321ae02427ff955bebe9e3c63bc9f0da",
                "sha256:fe754d231288e1e64323cfad462fcee8f0288654c10bdf4f603a39ed923bef33"
            ],
            "markers": "platform_machine == 'aarch64' or (platform_machine == 'ppc64le' or (platform_machine == 'x86_64' or (platform_machine == 'amd64' or (platform_machine == 'AMD64' or (platform_machine == 'win32' or platform_machine == 'WIN32')))))",
            "version": "==3.0.3"
        },
        "numpy": {
            "hashes": [
                "sha256:03a8c78d01d9781b28a6989f6fa1bb2c4f2d51201cf99d3dd875df6fbd96b23b",
                "sha256:08beddf13648eb95f8d867350f6a018a4be2e5ad54c8d8caed89ebca558b2818",
                "sha256:1af303d6b2210eb850fcf03064d364652b7120803a0b872f5211f5234b399f20",
                "sha256:1dda2e7b4ec9dd512f84935c5f126c8bd8b9f2fc001e9f54af255e8c5f16b0e0",
                "sha256:2a02aba9ed12e4ac4eb3ea9421c420301a0c6460d9830d74a9df87efa4912010",
                "sha256:2e4ee3380d6de9c9ec04745830fd9e2eccb3e6cf790d39d7b98ffd19b0dd754a",
                "sha256:3373d5d70a5fe74a2c1bb6d2cfd9609ecf686d47a2d7b1d37a8f3b6bf6003aea",
                "sha256:47711010ad8555514b434df65f7d7b076bb8261df1ca9bb78f53d3b2db02e95c",
                "sha256:4c66707fabe114439db9068ee468c26bbdf909cac0fb58686a42a24de1760c71",
                "sha256:50193e430acfc1346175fcbdaa28ffec49947a06918b7b92130744e81e640110",
                "sha256:52b8b60467cd7dd1e9ed082188b4e6bb35aa5cdd01777621a1658910745b90be",
                "sha256:60dedbb91afcbfdc9bc0b1f3f402804070deed7392c23eb7a7f07fa857868e8a",
                "sha256:62b8e4b1e28009ef2846b4c7852046736bab361f7aeadeb6a5b89ebec3c7055a",
                "sha256:666dbfb6ec68962c033a450943ded891bed2d54e6755e35e5835d63f4f6931d5",
                "sha256:675d61ffbfa78604709862923189bad94014bef562cc35cf61d3a07bba02a7ed",
                "sha256:679b0076f67ecc0138fd2ede3a8fd196dddc2ad3254069bcb9faf9a79b1cebcd",
                "sha256:7349ab0fa0c429c82442a27a9673fc802ffdb7c7775fad780226cb234965e53c",
                "sha256:7ab55401287bfec946ced39700c053796e7cc0e3acbef09993a9ad2adba6ca6e",
                "sha256:7e50d0a0cc3189f9cb0aeb3a6a6af18c16f59f004b866cd2be1c14b36134a4a0",
                "sha256:95a7476c59002f2f6c590b9b7b998306fba6a5aa646b1e22ddfeaf8f78c3a29c",
                "sha256:96ff0b2ad353d8f990b63294c8986f1ec3cb19d749234014f4e7eb0112ceba5a",
                "sha256:9fad7dcb1aac3c7f0584a5a8133e3a43eeb2fe127f47e3632d43d677c66c102b",
                "sha256:9ff0f4f29c51e2803569d7a51c2304de5554655a60c5d776e35b4a41413830d0",
                "sha256:a354325ee03388678242a4d7ebcd08b5c727033fcff3b2f536aea978e15ee9e6",
                "sha256:a4abb4f9001ad2858e7ac189089c42178fcce737e4169dc61321660f1a96c7d2",
                "sha256:ab47dbe5cc8210f55aa58e4805fe224dac469cde56b9f731a4c098b91917159a",
                "sha256:afedb719a9dcfc7eaf2287b839d8198e06dcd4cb5d276a3df279231138e83d30",
                "sha256:b3ce300f3644fb06443ee2222c2201dd3a89ea6040541412b8fa189341847218",
                "sha256:b97fe8060236edf3662adfc2c633f56a08ae30560c56310562cb4f95500022d5",
                "sha256:bfe25acf8b437eb2a8b2d49d443800a5f18508cd811fea3181723922a8a82b07",
                "sha256:cd25bcecc4974d09257ffcd1f098ee778f7834c3ad767fe5db785be9a4aa9cb2",
                "sha256:d209d8969599b27ad20994c8e41936ee0964e6da07478d6c35016bc386b66ad4",
                "sha256:d5241e0a80d808d70546c697135da2c613f30e28251ff8307eb72ba696945764",
                "sha256:edd8b5fe47dab091176d21bb6de568acdd906d1887a4584a15a9a96a1dca06ef",
                "sha256:f870204a840a60da0b12273ef34f7051e98c3b5961b61b0c2c1be6dfd64fbcd3",
                "sha256:ffa75af20b44f8dba823498024771d5ac50620e6915abac414251bd971b4529f"
            ],
            "markers": "python_version == '3.11'",
            "version": "==1.26.4"
        },
        "pandas": {
            "hashes": [
                "sha256:02304e11582c5d090e5a52aec726f31fe3f42895d6bfc1f28738f9b64b6f0614",
                "sha256:0489b0e6aa3d907e909aef92975edae89b1ee1654db5eafb9be633b0124abe97",
                "sha256:05674536bd477af36aa2effd4ec8f71b92234ce0cc174de34fd21e2ee99adbc2",
                "sha256:25e8474a8eb258e391e30c288eecec565bfed3e026f312b0cbd709a63906b6f8",
                "sha256:29deb61de5a8a93bdd033df328441a79fcf8dd3c12d5ed0b41a395eef9cd76f0",
                "sha256:366da7b0e540d1b908886d4feb3d951f2f1e572e655c1160f5fde28ad4abb750",
                "sha256:3bcad1e6fb34b727b016775bea407311f7721db87e5b409e6542f4546a4951ea",
                "sha256:4c3f32fd7c4dccd035f71734df39231ac1a6ff95e8bdab8d891167197b7018d2",
                "sha256:4cdb0fab0400c2cb46dafcf1a0fe084c8bb2480a1fa8d81e19d15e12e6d4ded2",
                "sha256:4f99bebf19b7e03cf80a4e770a3e65eee9dd4e2679039f542d7c1ace7b7b1daa",
                "sha256:58d997dbee0d4b64f3cb881a24f918b5f25dd64ddf31f467bb9b67ae4c63a1e4",
                "sha256:75ce97667d06d69396d72be074f0556698c7f662029322027c226fd7a26965cb",
                "sha256:84e7e910096416adec68075dc87b986ff202920fb8704e6d9c8c9897fe7332d6",
                "sha256:9e2959720b70e106bb1d8b6eadd8ecd7c8e99ccdbe03ee03260877184bb2877d",
                "sha256:9e50e72b667415a816ac27dfcfe686dc5a0b02202e06196b943d54c4f9c7693e",
                "sha256:a0dbfea0dd3901ad4ce2306575c54348d98499c95be01b8d885a2737fe4d7a98",
                "sha256:b407381258a667df49d58a1b637be33e514b07f9285feb27769cedb3ab3d0b3a",
                "sha256:b8bd1685556f3374520466998929bade3076aeae77c3e67ada5ed2b90b4de7f0",
                "sha256:c1f84c144dee086fe4f04a472b5cd51e680f061adf75c1ae4fc3a9275560f8f4",
                "sha256:c747793c4e9dcece7bb20156179529898abf505fe32cb40c4052107a3c620b49",
                "sha256:cc1ab6a25da197f03ebe6d8fa17273126120874386b4ac11c1d687df288542dd",
                "sha256:dc3657869c7902810f32bd072f0740487f9e030c1a3ab03e0af093db35a9d14e",
                "sha256:f5ec7740f9ccb90aec64edd71434711f58ee0ea7f5ed4ac48be11cfa9abf7317",
                "sha256:fecb198dc389429be557cde50a2d46da8434a17fe37d7d41ff102e3987fd947b",
                "sha256:ffa8f0966de2c22de408d0e322db2faed6f6e74265aa0856f3824813cf124363"
            ],
            "index": "pypi",
            "markers": "python_version >= '3.9'",
            "version": "==2.1.1"
        },
        "pyodbc": {
            "hashes": [
                "sha256:03d7d0b04d5a9156099ce8d03e92f3956783746fa9234eb6f5b5cfc12b645011",
                "sha256:067015537a20cf893ae675384f99291eade66a7d59bc54f9dedee55ad4290b4c",
                "sha256:17d25a51823a5c8631fd117c1d352425404cd2116fd75b55aac4cb79da2e8c85",
                "sha256:1d7dbef96ebb3eba8bc3f5431694d6e6969d50d0e21f6c4f3b0b2dc9fe8c4f25",
                "sha256:393e51ca84ba5a3983f859d50ef029d243cb2c7a5b1ef0ddc36479ff49780078",
                "sha256:3a3204ba4d1374fe8c301a76e04c9e9207d71cc346ca8282a85c20260d135b5d",
                "sha256:459a245ae5409dd2fe6eb8531b907da8d61f72d3b18a6276c82cafe2e4896acf",
                "sha256:4e5e4e2b4d5dce80f18d58286f1e7a3e2a79eb49d2c514c56ab043ae00566303",
                "sha256:51162fa1902657a555f5b661eb36516c12b6c11ec84db77c9da3aabc7325fa95",
                "sha256:654843036b714e4f3f4605fc359690738a3465d333f8297a74841e3990d3eabd",
                "sha256:8744c48f494bd365529935d3ac6ec15d3e3995e877587e293a3d3110ffcc0374",
                "sha256:87df79b524928d8c65475099b1cce3cfea66ef2c332ecb027fa6455c4916ad26",
                "sha256:88d94c4fa53fc5440ce904c987e97316f271c21d3e968090f8fb76baf1a9be90",
                "sha256:9824b175db875a2dd116c7cf16dc3bdf14855404417afd145c5b839da222cb46",
                "sha256:9ae1d8ba8cbf3680556f147f89948493d3f5bd1ed360bd5ce9807e62e573ed03",
                "sha256:9aef4f14f126ef607897245ff2742532ce0c299aee3c0e48d37bbdf1ff0b9532",
                "sha256:b1b38d3adc4c9911b46cff3b1a8293e25c3a18c465d13483624a07bc1056c36a",
                "sha256:b22474ede5b2841fe67658431f02a3ab9f16601c12a18c0286af435d742c2b71",
                "sha256:b3ea6ed0fb8a1b46e643cfaba935656b9abe023d4ab66a8f653bf0c5bc1ce74d",
                "sha256:b4d41d0a10523862aac9e2f578bae0ec66003c76e0644d1b53d6ac110b73e5ed",
                "sha256:b704e481c5973155eebed3730b9769c349b0338ad6fa7b0d7191cc30f3303e0a",
                "sha256:c68b3dd0b86d45fdebc566a9596f27b216d25068728bb43a4c961f0fcb9bb970",
                "sha256:cbfca542a528278a2c43a85d7a6bfde74854d0e7b3cd8c4ab31647bfe5a11069",
                "sha256:ccc04742bb2fee1f5d2a5b84462f62cd68c346aa274b89b5257e328d41f9d69d",
                "sha256:ce553cdf33663c6496175a11f32b684bb38cdffb9b185f3967037d369161715c",
                "sha256:d109b7955864f11d5e0c813e6b886a2829422cd7b59c61870dc5e0fa7904f132",
                "sha256:d2f32d98f9522de54958e3478d03c1a85c1efc103f378913bc4d9a7b610a3d02",
                "sha256:dbf783d6cc923603de35a648db64c50f6699372188dc32b97a373c4b12694bd1",
                "sha256:dd4a9ec6d0b31118f3c46020d9784923b99873585919d08e67d95bbf6ab99716",
                "sha256:e3cf639c73fb948fa2744e52de316b033b95f852960aae58b63c7dc32a88b4d2",
                "sha256:e7ef83973ba56f01e95579ce74c24b72bbd918daf417f33726e21cc01a5bf53c"
            ],
            "index": "pypi",
            "markers": "python_version >= '3.8'",
            "version": "==5.0.1"
        },
        "python-dateutil": {
            "hashes": [
                "sha256:37dd54208da7e1cd875388217d5e00ebd4179249f90fb72437e91a35459a0ad3",
                "sha256:a8b2bc7bffae282281c8140a97d3aa9c14da0b136dfe83f850eea9a5f7470427"
            ],
            "markers": "python_version >= '2.7' and python_version not in '3.0, 3.1, 3.2, 3.3'",
            "version": "==2.9.0.post0"
        },
        "pytz": {
            "hashes": [
                "sha256:2a29735ea9c18baf14b448846bde5a48030ed267578472d8955cd0e7443a9812",
                "sha256:328171f4e3623139da4983451950b28e95ac706e13f3f2630a879749e7a8b319"
            ],
            "version": "==2024.1"
        },
        "six": {
            "hashes": [
                "sha256:1e61c37477a1626458e36f7b1d82aa5c9b094fa4802892072e49de9c60c4c926",
                "sha256:8abb2f1d86890a2dfb989f9a77cfcfd3e47c2a354b01111771326f8aa26e0254"
            ],
            "markers": "python_version >= '2.7' and python_version not in '3.0, 3.1, 3.2, 3.3'",
            "version": "==1.16.0"
        },
        "sqlalchemy": {
            "hashes": [
                "sha256:0b0b3f2686c3f162123adba3cb8b626ed7e9b8433ab528e36ed270b4f70d1cdb",
                "sha256:0c1fea8c0abcb070ffe15311853abfda4e55bf7dc1d4889497b3403629f3bf00",
                "sha256:0e1ce8ebd2e040357dde01a3fb7d30d9b5736b3e54a94002641dfd0aa12ae6ce",
                "sha256:129415f89744b05741c6f0b04a84525f37fbabe5dc3774f7edf100e7458c48cd",
                "sha256:13790cb42f917c45c9c850b39b9941539ca8ee7917dacf099cc0b569f3d40da7",
                "sha256:14cd3bcbb853379fef2cd01e7c64a5d6f1d005406d877ed9509afb7a05ff40a5",
                "sha256:154a32f3c7b00de3d090bc60ec8006a78149e221f1182e3edcf0376016be9396",
                "sha256:19c6986cf2fb4bc8e0e846f97f4135a8e753b57d2aaaa87c50f9acbe606bd1db",
                "sha256:2096d6b018d242a2bcc9e451618166f860bb0304f590d205173d317b69986c95",
                "sha256:2c9bac865ee06d27a1533471405ad240a6f5d83195eca481f9fc4a71d8b87df8",
                "sha256:3076740335e4aaadd7deb3fe6dcb96b3015f1613bd190a4e1634e1b99b02ec86",
                "sha256:3940677d341f2b685a999bffe7078697b5848a40b5f6952794ffcf3af150c301",
                "sha256:3aa1472bf44f61dd27987cd051f1c893b7d3b17238bff8c23fceaef4f1133868",
                "sha256:40b1206a0d923e73aa54f0a6bd61419a96b914f1cd19900b6c8226899d9742ad",
                "sha256:4bb062784f37b2d75fd9b074c8ec360ad5df71f933f927e9e95c50eb8e05323c",
                "sha256:4e869a8ff7ee7a833b74868a0887e8462445ec462432d8cbeff5e85f475186da",
                "sha256:4f6ff392b27a743c1ad346d215655503cec64405d3b694228b3454878bf21590",
                "sha256:505f503763a767556fa4deae5194b2be056b64ecca72ac65224381a0acab7ebe",
                "sha256:53a766cb0b468223cafdf63e2d37f14a4757476157927b09300c8c5832d88560",
                "sha256:5434cc601aa17570d79e5377f5fd45ff92f9379e2abed0be5e8c2fba8d353d2b",
                "sha256:54bcceaf4eebef07dadfde424f5c26b491e4a64e61761dea9459103ecd6ccc95",
                "sha256:55914d45a631b81a8a2cb1a54f03eea265cf1783241ac55396ec6d735be14883",
                "sha256:564e9f9e4e6466273dbfab0e0a2e5fe819eec480c57b53a2cdee8e4fdae3ad5f",
                "sha256:56a7e2bb639df9263bf6418231bc2a92a773f57886d371ddb7a869a24919face",
                "sha256:58a3aba1bfb32ae7af68da3f277ed91d9f57620cf7ce651db96636790a78b736",
                "sha256:625b72d77ac8ac23da3b1622e2da88c4aedaee14df47c8432bf8f6495e655de2",
                "sha256:69fd9e41cf9368afa034e1c81f3570afb96f30fcd2eb1ef29cb4d9371c6eece2",
                "sha256:6ac28bd6888fe3c81fbe97584eb0b96804bd7032d6100b9701255d9441373ec1",
                "sha256:7c6c3e9350f9fb16de5b5e5fbf17b578811a52d71bb784cc5ff71acb7de2a7f9",
                "sha256:7ee7ccf47aa503033b6afd57efbac6b9e05180f492aeed9fcf70752556f95624",
                "sha256:875de9414393e778b655a3d97d60465eb3fae7c919e88b70cc10b40b9f56042d",
                "sha256:8db5ba8b7da759b727faebc4289a9e6a51edadc7fc32207a30f7c6203a181592",
                "sha256:92e512a6af769e4725fa5b25981ba790335d42c5977e94ded07db7d641490a85",
                "sha256:9886a72c8e6371280cb247c5d32c9c8fa141dc560124348762db8a8b236f8692",
                "sha256:9e55dff5ec115316dd7a083cdc1a52de63693695aecf72bc53a8e1468ce429e5",
                "sha256:a42c9fa3abcda0dcfad053e49c4f752eef71ecd8c155221e18b99d4224621176",
                "sha256:a571bc8ac092a3175a1d994794a8e7a1f2f651e7c744de24a19b4f740fe95034",
                "sha256:af66001d7b76a3fab0d5e4c1ec9339ac45748bc4a399cbc2baa48c1980d3c1f4",
                "sha256:b39a6e21110204a8c08d40ff56a73ba542ec60bab701c36ce721e7990df49fb9",
                "sha256:b560f075c151900587ade06706b0c51d04b3277c111151997ea0813455378ae0",
                "sha256:c8f1792d20d2f4e875ce7a113f43c3561ad12b34ff796b84002a256f37ce9437",
                "sha256:cb9a758ad973e795267da334a92dd82bb7555cb36a0960dcabcf724d26299db8",
                "sha256:ccca778c0737a773a1ad86b68bda52a71ad5950b25e120b6eb1330f0df54c3d0",
                "sha256:ccd87c25e4c8559e1b918d46b4fa90b37f459c9b4566f1dfbce0eb8122571547",
                "sha256:d143c5a9dada696bcfdb96ba2de4a47d5a89168e71d05a076e88a01386872f97",
                "sha256:d80eeb5189d7d4b1af519fc3f148fe7521b9dfce8f4d6a0820e8f5769b005051",
                "sha256:e04ab55cf49daf1aeb8c622c54d23fa4bec91cb051a43cc24351ba97e1dd09f5",
                "sha256:f146c61ae128ab43ea3a0955de1af7e1633942c2b2b4985ac51cc292daf33222",
                "sha256:f776c2c30f0e5f4db45c3ee11a5f2a8d9de68e81eb73ec4237de1e32e04ae81c"
            ],
            "index": "pypi",
            "markers": "python_version >= '3.7'",
            "version": "==2.0.22"
        },
        "typing-extensions": {
            "hashes": [
                "sha256:6024b58b69089e5a89c347397254e35f1bf02a907728ec7fee9bf0fe837d203a",
                "sha256:915f5e35ff76f56588223f15fdd5938f9a1cf9195c0de25130c627e4d597f6d1"
            ],
            "markers": "python_version >= '3.8'",
            "version": "==4.12.1"
        },
        "tzdata": {
            "hashes": [
                "sha256:2674120f8d891909751c38abcdfd386ac0a5a1127954fbc332af6b5ceae07efd",
                "sha256:9068bc196136463f5245e51efda838afa15aaeca9903f49050dfa2679db4d252"
            ],
            "markers": "python_version >= '2'",
            "version": "==2024.1"
        }
    },
    "develop": {}
}
